
Microsoft Visual Studio Solution File, Format Version 12.00
Project("{FAE04EC0-301F-11D3-BF4B-00C04F79EFBC}") = "Cwiczenia7", "Cwiczenia7\Cwiczenia7.csproj", "{D9DDA3FA-1799-4E0E-B2B0-DDDFACA139CB}"
EndProject
Project("{FAE04EC0-301F-11D3-BF4B-00C04F79EFBC}") = "Test", "Test\Test.csproj", "{F986041A-2374-48C6-A97C-0B2566D5835C}"
EndProject
Global
	GlobalSection(SolutionConfigurationPlatforms) = preSolution
		Debug|Any CPU = Debug|Any CPU
		Release|Any CPU = Release|Any CPU
	EndGlobalSection
	GlobalSection(ProjectConfigurationPlatforms) = postSolution
		{D9DDA3FA-1799-4E0E-B2B0-DDDFACA139CB}.Debug|Any CPU.ActiveCfg = Debug|Any CPU
		{D9DDA3FA-1799-4E0E-B2B0-DDDFACA139CB}.Debug|Any CPU.Build.0 = Debug|Any CPU
		{D9DDA3FA-1799-4E0E-B2B0-DDDFACA139CB}.Release|Any CPU.ActiveCfg = Release|Any CPU
		{D9DDA3FA-1799-4E0E-B2B0-DDDFACA139CB}.Release|Any CPU.Build.0 = Release|Any CPU
		{F986041A-2374-48C6-A97C-0B2566D5835C}.Debug|Any CPU.ActiveCfg = Debug|Any CPU
		{F986041A-2374-48C6-A97C-0B2566D5835C}.Debug|Any CPU.Build.0 = Debug|Any CPU
		{F986041A-2374-48C6-A97C-0B2566D5835C}.Release|Any CPU.ActiveCfg = Release|Any CPU
		{F986041A-2374-48C6-A97C-0B2566D5835C}.Release|Any CPU.Build.0 = Release|Any CPU
	EndGlobalSection
EndGlobal
